
Microsoft Visual Studio Solution File, Format Version 12.00
# Visual Studio Version 16
VisualStudioVersion = 16.0.31729.503
MinimumVisualStudioVersion = 10.0.40219.1
Project("{9A19103F-16F7-4668-BE54-9A1E7A4F7556}") = "PalindromeSubstring", "PalindromeSubstring.csproj", "{48D5A97F-F0EE-4892-9C3F-C4B5CC45FB4F}"
EndProject
Project("{FAE04EC0-301F-11D3-BF4B-00C04F79EFBC}") = "BinaryCheck", "..\BinaryCheck\BinaryCheck.csproj", "{677A3B8A-1EC2-4248-A1B0-6640E209A490}"
EndProject
Global
	GlobalSection(SolutionConfigurationPlatforms) = preSolution
		Debug|Any CPU = Debug|Any CPU
		Release|Any CPU = Release|Any CPU
	EndGlobalSection
	GlobalSection(ProjectConfigurationPlatforms) = postSolution
		{48D5A97F-F0EE-4892-9C3F-C4B5CC45FB4F}.Debug|Any CPU.ActiveCfg = Debug|Any CPU
		{48D5A97F-F0EE-4892-9C3F-C4B5CC45FB4F}.Debug|Any CPU.Build.0 = Debug|Any CPU
		{48D5A97F-F0EE-4892-9C3F-C4B5CC45FB4F}.Release|Any CPU.ActiveCfg = Release|Any CPU
		{48D5A97F-F0EE-4892-9C3F-C4B5CC45FB4F}.Release|Any CPU.Build.0 = Release|Any CPU
		{677A3B8A-1EC2-4248-A1B0-6640E209A490}.Debug|Any CPU.ActiveCfg = Debug|Any CPU
		{677A3B8A-1EC2-4248-A1B0-6640E209A490}.Debug|Any CPU.Build.0 = Debug|Any CPU
		{677A3B8A-1EC2-4248-A1B0-6640E209A490}.Release|Any CPU.ActiveCfg = Release|Any CPU
		{677A3B8A-1EC2-4248-A1B0-6640E209A490}.Release|Any CPU.Build.0 = Release|Any CPU
	EndGlobalSection
	GlobalSection(SolutionProperties) = preSolution
		HideSolutionNode = FALSE
	EndGlobalSection
	GlobalSection(ExtensibilityGlobals) = postSolution
		SolutionGuid = {E67FE71B-DE4C-43DB-84FA-BF9F05EF371B}
	EndGlobalSection
EndGlobal
